
Microsoft Visual Studio Solution File, Format Version 12.00
# Visual Studio Version 17
VisualStudioVersion = 17.6.33723.286
MinimumVisualStudioVersion = 10.0.40219.1
Project("{FAE04EC0-301F-11D3-BF4B-00C04F79EFBC}") = "DevExtAspNetReactProject", "DevExtAspNetReactProject.csproj", "{FEBDBE08-6519-4857-BE81-51C948684BAC}"
EndProject
Global
	GlobalSection(SolutionConfigurationPlatforms) = preSolution
		Debug|Any CPU = Debug|Any CPU
		Release|Any CPU = Release|Any CPU
	EndGlobalSection
	GlobalSection(ProjectConfigurationPlatforms) = postSolution
		{FEBDBE08-6519-4857-BE81-51C948684BAC}.Debug|Any CPU.ActiveCfg = Debug|Any CPU
		{FEBDBE08-6519-4857-BE81-51C948684BAC}.Debug|Any CPU.Build.0 = Debug|Any CPU
		{FEBDBE08-6519-4857-BE81-51C948684BAC}.Release|Any CPU.ActiveCfg = Release|Any CPU
		{FEBDBE08-6519-4857-BE81-51C948684BAC}.Release|Any CPU.Build.0 = Release|Any CPU
	EndGlobalSection
	GlobalSection(SolutionProperties) = preSolution
		HideSolutionNode = FALSE
	EndGlobalSection
	GlobalSection(ExtensibilityGlobals) = postSolution
		SolutionGuid = {BB35080D-4E05-418F-999B-CAE31E38EE99}
	EndGlobalSection
EndGlobal
